Microsoft Visual Studio Solution File, Format Version 11.00
# Visual Studio 2008

Project("{99A39D8F-B99C-A682-A4BF-E0BA4A5AA8A0}") = "knifeguy", "Assembly-CSharp.csproj", "{E4716872-67DC-FE3F-1D1F-7BC75A57EE52}"
EndProject
Global
	GlobalSection(SolutionConfigurationPlatforms) = preSolution
		Debug|Any CPU = Debug|Any CPU
		Release|Any CPU = Release|Any CPU
	EndGlobalSection
	GlobalSection(ProjectConfigurationPlatforms) = postSolution
		{E4716872-67DC-FE3F-1D1F-7BC75A57EE52}.Debug|Any CPU.ActiveCfg = Debug|Any CPU
		{E4716872-67DC-FE3F-1D1F-7BC75A57EE52}.Debug|Any CPU.Build.0 = Debug|Any CPU
		{E4716872-67DC-FE3F-1D1F-7BC75A57EE52}.Release|Any CPU.ActiveCfg = Release|Any CPU
		{E4716872-67DC-FE3F-1D1F-7BC75A57EE52}.Release|Any CPU.Build.0 = Release|Any CPU
	EndGlobalSection
	GlobalSection(SolutionProperties) = preSolution
		HideSolutionNode = FALSE
	EndGlobalSection
				GlobalSection(MonoDevelopProperties) = preSolution
		StartupItem = Assembly-CSharp.csproj
		Policies = $0
		$0.TextStylePolicy = $1
		$1.inheritsSet = null
		$1.scope = text/x-csharp
		$0.CSharpFormattingPolicy = $2
		$2.inheritsSet = Mono
		$2.inheritsScope = text/x-csharp
		$2.scope = text/x-csharp
		$0.TextStylePolicy = $3
		$3.FileWidth = 120
		$3.TabWidth = 4
		$3.IndentWidth = 4
		$3.EolMarker = Unix
		$3.inheritsSet = Mono
		$3.inheritsScope = text/plain
		$3.scope = text/plain
	EndGlobalSection

EndGlobal
